// !$*UTF8*$!
{
	archiveVersion = 1;
	classes = {
	};
	objectVersion = 48;
	objects = {

/* Begin PBXBuildFile section */
		0FD57F735D52DE7B8F96D5FA /* Pods_RateMe.framework in Frameworks */ = {isa = PBXBuildFile; fileRef = B056A6FD61FBD4B2EB326793 /* Pods_RateMe.framework */; };
		363014F4201F797F0034DE24 /* AppDelegate.swift in Sources */ = {isa = PBXBuildFile; fileRef = 363014F3201F797F0034DE24 /* AppDelegate.swift */; };
		363014F6201F797F0034DE24 /* ViewController.swift in Sources */ = {isa = PBXBuildFile; fileRef = 363014F5201F797F0034DE24 /* ViewController.swift */; };
		363014F9201F797F0034DE24 /* Main.storyboard in Resources */ = {isa = PBXBuildFile; fileRef = 363014F7201F797F0034DE24 /* Main.storyboard */; };
		363014FB201F797F0034DE24 /* Assets.xcassets in Resources */ = {isa = PBXBuildFile; fileRef = 363014FA201F797F0034DE24 /* Assets.xcassets */; };
		363014FE201F797F0034DE24 /* LaunchScreen.storyboard in Resources */ = {isa = PBXBuildFile; fileRef = 363014FC201F797F0034DE24 /* LaunchScreen.storyboard */; };
		36301506201F806D0034DE24 /* FloatRatingView.swift in Sources */ = {isa = PBXBuildFile; fileRef = 36301505201F806D0034DE24 /* FloatRatingView.swift */; };
		36B17AD1202227B900681DF5 /* DataModel.swift in Sources */ = {isa = PBXBuildFile; fileRef = 36B17AD0202227B900681DF5 /* DataModel.swift */; };
		36B8D22A20207477000C908C /* GoogleService-Info.plist in Resources */ = {isa = PBXBuildFile; fileRef = 36B8D22920207477000C908C /* GoogleService-Info.plist */; };
		36DDAE4520207A0A00478C6A /* NewViewController.swift in Sources */ = {isa = PBXBuildFile; fileRef = 36DDAE4420207A0A00478C6A /* NewViewController.swift */; };
/* End PBXBuildFile section */

/* Begin PBXFileReference section */
		363014F0201F797F0034DE24 /* RateMe.app */ = {isa = PBXFileReference; explicitFileType = wrapper.application; includeInIndex = 0; path = RateMe.app; sourceTree = BUILT_PRODUCTS_DIR; };
		363014F3201F797F0034DE24 /* AppDelegate.swift */ = {isa = PBXFileReference; lastKnownFileType = sourcecode.swift; path = AppDelegate.swift; sourceTree = "<group>"; };
		363014F5201F797F0034DE24 /* ViewController.swift */ = {isa = PBXFileReference; lastKnownFileType = sourcecode.swift; path = ViewController.swift; sourceTree = "<group>"; };
		363014F8201F797F0034DE24 /* Base */ = {isa = PBXFileReference; lastKnownFileType = file.storyboard; name = Base; path = Base.lproj/Main.storyboard; sourceTree = "<group>"; };
		363014FA201F797F0034DE24 /* Assets.xcassets */ = {isa = PBXFileReference; lastKnownFileType = folder.assetcatalog; path = Assets.xcassets; sourceTree = "<group>"; };
		363014FD201F797F0034DE24 /* Base */ = {isa = PBXFileReference; lastKnownFileType = file.storyboard; name = Base; path = Base.lproj/LaunchScreen.storyboard; sourceTree = "<group>"; };
		363014FF201F79800034DE24 /* Info.plist */ = {isa = PBXFileReference; lastKnownFileType = text.plist.xml; path = Info.plist; sourceTree = "<group>"; };
		36301505201F806D0034DE24 /* FloatRatingView.swift */ = {isa = PBXFileReference; fileEncoding = 4; lastKnownFileType = sourcecode.swift; path = FloatRatingView.swift; sourceTree = "<group>"; };
		36B17AD0202227B900681DF5 /* DataModel.swift */ = {isa = PBXFileReference; lastKnownFileType = sourcecode.swift; path = DataModel.swift; sourceTree = "<group>"; };
		36B8D22920207477000C908C /* GoogleService-Info.plist */ = {isa = PBXFileReference; fileEncoding = 4; lastKnownFileType = text.plist.xml; path = "GoogleService-Info.plist"; sourceTree = "<group>"; };
		36DDAE4420207A0A00478C6A /* NewViewController.swift */ = {isa = PBXFileReference; lastKnownFileType = sourcecode.swift; path = NewViewController.swift; sourceTree = "<group>"; };
		B056A6FD61FBD4B2EB326793 /* Pods_RateMe.framework */ = {isa = PBXFileReference; explicitFileType = wrapper.framework; includeInIndex = 0; path = Pods_RateMe.framework; sourceTree = BUILT_PRODUCTS_DIR; };
		D1511F58DBCFAD916F90F110 /* Pods-RateMe.release.xcconfig */ = {isa = PBXFileReference; includeInIndex = 1; lastKnownFileType = text.xcconfig; name = "Pods-RateMe.release.xcconfig"; path = "Pods/Target Support Files/Pods-RateMe/Pods-RateMe.release.xcconfig"; sourceTree = "<group>"; };
		F49CD8D856F667750DA8AC43 /* Pods-RateMe.debug.xcconfig */ = {isa = PBXFileReference; includeInIndex = 1; lastKnownFileType = text.xcconfig; name = "Pods-RateMe.debug.xcconfig"; path = "Pods/Target Support Files/Pods-RateMe/Pods-RateMe.debug.xcconfig"; sourceTree = "<group>"; };
/* End PBXFileReference section */

/* Begin PBXFrameworksBuildPhase section */
		363014ED201F797F0034DE24 /* Frameworks */ = {
			isa = PBXFrameworksBuildPhase;
			buildActionMask = 2147483647;
			files = (
				0FD57F735D52DE7B8F96D5FA /* Pods_RateMe.framework in Frameworks */,
			);
			runOnlyForDeploymentPostprocessing = 0;
		};
/* End PBXFrameworksBuildPhase section */

/* Begin PBXGroup section */
		363014E7201F797F0034DE24 = {
			isa = PBXGroup;
			children = (
				363014F2201F797F0034DE24 /* RateMe */,
				363014F1201F797F0034DE24 /* Products */,
				D0D922547C080208C14E5775 /* Pods */,
				569D95B7E24896D9240B9A3C /* Frameworks */,
			);
			sourceTree = "<group>";
		};
		363014F1201F797F0034DE24 /* Products */ = {
			isa = PBXGroup;
			children = (
				363014F0201F797F0034DE24 /* RateMe.app */,
			);
			name = Products;
			sourceTree = "<group>";
		};
		363014F2201F797F0034DE24 /* RateMe */ = {
			isa = PBXGroup;
			children = (
				363014F3201F797F0034DE24 /* AppDelegate.swift */,
				363014F5201F797F0034DE24 /* ViewController.swift */,
				36DDAE4420207A0A00478C6A /* NewViewController.swift */,
				363014F7201F797F0034DE24 /* Main.storyboard */,
				363014FA201F797F0034DE24 /* Assets.xcassets */,
				363014FC201F797F0034DE24 /* LaunchScreen.storyboard */,
				36301505201F806D0034DE24 /* FloatRatingView.swift */,
				363014FF201F79800034DE24 /* Info.plist */,
				36B8D22920207477000C908C /* GoogleService-Info.plist */,
				36B17AD0202227B900681DF5 /* DataModel.swift */,
			);
			path = RateMe;
			sourceTree = "<group>";
		};
		569D95B7E24896D9240B9A3C /* Frameworks */ = {
			isa = PBXGroup;
			children = (
				B056A6FD61FBD4B2EB326793 /* Pods_RateMe.framework */,
			);
			name = Frameworks;
			sourceTree = "<group>";
		};
		D0D922547C080208C14E5775 /* Pods */ = {
			isa = PBXGroup;
			children = (
				F49CD8D856F667750DA8AC43 /* Pods-RateMe.debug.xcconfig */,
				D1511F58DBCFAD916F90F110 /* Pods-RateMe.release.xcconfig */,
			);
			name = Pods;
			sourceTree = "<group>";
		};
/* End PBXGroup section */

/* Begin PBXNativeTarget section */
		363014EF201F797F0034DE24 /* RateMe */ = {
			isa = PBXNativeTarget;
			buildConfigurationList = 36301502201F79800034DE24 /* Build configuration list for PBXNativeTarget "RateMe" */;
			buildPhases = (
				20482110222BE7D25B3A3E79 /* [CP] Check Pods Manifest.lock */,
				363014EC201F797F0034DE24 /* Sources */,
				363014ED201F797F0034DE24 /* Frameworks */,
				363014EE201F797F0034DE24 /* Resources */,
				AADF9E5EEEB11116D452180A /* [CP] Embed Pods Frameworks */,
				90852A050D87DFCE98274143 /* [CP] Copy Pods Resources */,
				368015D52024E11300A3C408 /* ShellScript */,
			);
			buildRules = (
			);
			dependencies = (
			);
			name = RateMe;
			productName = RateMe;
			productReference = 363014F0201F797F0034DE24 /* RateMe.app */;
			productType = "com.apple.product-type.application";
		};
/* End PBXNativeTarget section */

/* Begin PBXProject section */
		363014E8201F797F0034DE24 /* Project object */ = {
			isa = PBXProject;
			attributes = {
				LastSwiftUpdateCheck = 0920;
				LastUpgradeCheck = 0920;
				ORGANIZATIONNAME = "Syed Askari";
				TargetAttributes = {
					363014EF201F797F0034DE24 = {
						CreatedOnToolsVersion = 9.2;
						ProvisioningStyle = Automatic;
					};
				};
			};
			buildConfigurationList = 363014EB201F797F0034DE24 /* Build configuration list for PBXProject "RateMe" */;
			compatibilityVersion = "Xcode 8.0";
			developmentRegion = en;
			hasScannedForEncodings = 0;
			knownRegions = (
				en,
				Base,
			);
			mainGroup = 363014E7201F797F0034DE24;
			productRefGroup = 363014F1201F797F0034DE24 /* Products */;
			projectDirPath = "";
			projectRoot = "";
			targets = (
				363014EF201F797F0034DE24 /* RateMe */,
			);
		};
/* End PBXProject section */

/* Begin PBXResourcesBuildPhase section */
		363014EE201F797F0034DE24 /* Resources */ = {
			isa = PBXResourcesBuildPhase;
			buildActionMask = 2147483647;
			files = (
				363014FE201F797F0034DE24 /* LaunchScreen.storyboard in Resources */,
				36B8D22A20207477000C908C /* GoogleService-Info.plist in Resources */,
				363014FB201F797F0034DE24 /* Assets.xcassets in Resources */,
				363014F9201F797F0034DE24 /* Main.storyboard in Resources */,
			);
			runOnlyForDeploymentPostprocessing = 0;
		};
/* End PBXResourcesBuildPhase section */

/* Begin PBXShellScriptBuildPhase section */
		20482110222BE7D25B3A3E79 /* [CP] Check Pods Manifest.lock */ = {
			isa = PBXShellScriptBuildPhase;
			buildActionMask = 2147483647;
			files = (
			);
			inputPaths = (
				"${PODS_PODFILE_DIR_PATH}/Podfile.lock",
				"${PODS_ROOT}/Manifest.lock",
			);
			name = "[CP] Check Pods Manifest.lock";
			outputPaths = (
				"$(DERIVED_FILE_DIR)/Pods-RateMe-checkManifestLockResult.txt",
			);
			runOnlyForDeploymentPostprocessing = 0;
			shellPath = /bin/sh;
			shellScript = "diff \"${PODS_PODFILE_DIR_PATH}/Podfile.lock\" \"${PODS_ROOT}/Manifest.lock\" > /dev/null\nif [ $? != 0 ] ; then\n    # print error to STDERR\n    echo \"error: The sandbox is not in sync with the Podfile.lock. Run 'pod install' or update your CocoaPods installation.\" >&2\n    exit 1\nfi\n# This output is used by Xcode 'outputs' to avoid re-running this script phase.\necho \"SUCCESS\" > \"${SCRIPT_OUTPUT_FILE_0}\"\n";
			showEnvVarsInLog = 0;
		};
		368015D52024E11300A3C408 /* ShellScript */ = {
			isa = PBXShellScriptBuildPhase;
			buildActionMask = 2147483647;
			files = (
			);
			inputPaths = (
			);
			outputPaths = (
			);
			runOnlyForDeploymentPostprocessing = 0;
			shellPath = /bin/sh;
			shellScript = "if which sentry-cli >/dev/null; then\nexport SENTRY_ORG=askari\nexport SENTRY_PROJECT=rateme\nexport SENTRY_AUTH_TOKEN=6b6466dad02d49b1b993453b4681f12f0258e9c5bc7442d48cb30837b4d7c22e\nERROR=$(sentry-cli upload-dsym 2>&1 >/dev/null)\nif [ ! $? -eq 0 ]; then\necho \"warning: sentry-cli - $ERROR\"\nfi\nelse\necho \"warning: sentry-cli not installed, download from https://github.com/getsentry/sentry-cli/releases\"\nfi\n\n\"${PODS_ROOT}/SwiftLint/swiftlint\"";
		};
		90852A050D87DFCE98274143 /* [CP] Copy Pods Resources */ = {
			isa = PBXShellScriptBuildPhase;
			buildActionMask = 2147483647;
			files = (
			);
			inputPaths = (
			);
			name = "[CP] Copy Pods Resources";
			outputPaths = (
			);
			runOnlyForDeploymentPostprocessing = 0;
			shellPath = /bin/sh;
			shellScript = "\"${SRCROOT}/Pods/Target Support Files/Pods-RateMe/Pods-RateMe-resources.sh\"\n";
			showEnvVarsInLog = 0;
		};
		AADF9E5EEEB11116D452180A /* [CP] Embed Pods Frameworks */ = {
			isa = PBXShellScriptBuildPhase;
			buildActionMask = 2147483647;
			files = (
			);
			inputPaths = (
				"${SRCROOT}/Pods/Target Support Files/Pods-RateMe/Pods-RateMe-frameworks.sh",
				"${BUILT_PRODUCTS_DIR}/GTMSessionFetcher/GTMSessionFetcher.framework",
				"${BUILT_PRODUCTS_DIR}/GoogleToolboxForMac/GoogleToolboxForMac.framework",
				"${BUILT_PRODUCTS_DIR}/IQKeyboardManagerSwift/IQKeyboardManagerSwift.framework",
				"${BUILT_PRODUCTS_DIR}/KSCrash/KSCrash.framework",
				"${BUILT_PRODUCTS_DIR}/Sentry/Sentry.framework",
				"${BUILT_PRODUCTS_DIR}/StatusAlert/StatusAlert.framework",
				"${BUILT_PRODUCTS_DIR}/leveldb-library/leveldb.framework",
				"${BUILT_PRODUCTS_DIR}/nanopb/nanopb.framework",
			);
			name = "[CP] Embed Pods Frameworks";
			outputPaths = (
				"${TARGET_BUILD_DIR}/${FRAMEWORKS_FOLDER_PATH}/GTMSessionFetcher.framework",
				"${TARGET_BUILD_DIR}/${FRAMEWORKS_FOLDER_PATH}/GoogleToolboxForMac.framework",
				"${TARGET_BUILD_DIR}/${FRAMEWORKS_FOLDER_PATH}/IQKeyboardManagerSwift.framework",
				"${TARGET_BUILD_DIR}/${FRAMEWORKS_FOLDER_PATH}/KSCrash.framework",
				"${TARGET_BUILD_DIR}/${FRAMEWORKS_FOLDER_PATH}/Sentry.framework",
				"${TARGET_BUILD_DIR}/${FRAMEWORKS_FOLDER_PATH}/StatusAlert.framework",
				"${TARGET_BUILD_DIR}/${FRAMEWORKS_FOLDER_PATH}/leveldb.framework",
				"${TARGET_BUILD_DIR}/${FRAMEWORKS_FOLDER_PATH}/nanopb.framework",
			);
			runOnlyForDeploymentPostprocessing = 0;
			shellPath = /bin/sh;
			shellScript = "\"${SRCROOT}/Pods/Target Support Files/Pods-RateMe/Pods-RateMe-frameworks.sh\"\n";
			showEnvVarsInLog = 0;
		};
/* End PBXShellScriptBuildPhase section */

/* Begin PBXSourcesBuildPhase section */
		363014EC201F797F0034DE24 /* Sources */ = {
			isa = PBXSourcesBuildPhase;
			buildActionMask = 2147483647;
			files = (
				36B17AD1202227B900681DF5 /* DataModel.swift in Sources */,
				36301506201F806D0034DE24 /* FloatRatingView.swift in Sources */,
				363014F6201F797F0034DE24 /* ViewController.swift in Sources */,
				363014F4201F797F0034DE24 /* AppDelegate.swift in Sources */,
				36DDAE4520207A0A00478C6A /* NewViewController.swift in Sources */,
			);
			runOnlyForDeploymentPostprocessing = 0;
		};
/* End PBXSourcesBuildPhase section */

/* Begin PBXVariantGroup section */
		363014F7201F797F0034DE24 /* Main.storyboard */ = {
			isa = PBXVariantGroup;
			children = (
				363014F8201F797F0034DE24 /* Base */,
			);
			name = Main.storyboard;
			sourceTree = "<group>";
		};
		363014FC201F797F0034DE24 /* LaunchScreen.storyboard */ = {
			isa = PBXVariantGroup;
			children = (
				363014FD201F797F0034DE24 /* Base */,
			);
			name = LaunchScreen.storyboard;
			sourceTree = "<group>";
		};
/* End PBXVariantGroup section */

/* Begin XCBuildConfiguration section */
		36301500201F79800034DE24 /* Debug */ = {
			isa = XCBuildConfiguration;
			buildSettings = {
				ALWAYS_SEARCH_USER_PATHS = NO;
				CLANG_ANALYZER_NONNULL = YES;
				CLANG_ANALYZER_NUMBER_OBJECT_CONVERSION = YES_AGGRESSIVE;
				CLANG_CXX_LANGUAGE_STANDARD = "gnu++14";
				CLANG_CXX_LIBRARY = "libc++";
				CLANG_ENABLE_MODULES = YES;
				CLANG_ENABLE_OBJC_ARC = YES;
				CLANG_WARN_BLOCK_CAPTURE_AUTORELEASING = YES;
				CLANG_WARN_BOOL_CONVERSION = YES;
				CLANG_WARN_COMMA = YES;
				CLANG_WARN_CONSTANT_CONVERSION = YES;
				CLANG_WARN_DIRECT_OBJC_ISA_USAGE = YES_ERROR;
				CLANG_WARN_DOCUMENTATION_COMMENTS = YES;
				CLANG_WARN_EMPTY_BODY = YES;
				CLANG_WARN_ENUM_CONVERSION = YES;
				CLANG_WARN_INFINITE_RECURSION = YES;
				CLANG_WARN_INT_CONVERSION = YES;
				CLANG_WARN_NON_LITERAL_NULL_CONVERSION = YES;
				CLANG_WARN_OBJC_LITERAL_CONVERSION = YES;
				CLANG_WARN_OBJC_ROOT_CLASS = YES_ERROR;
				CLANG_WARN_RANGE_LOOP_ANALYSIS = YES;
				CLANG_WARN_STRICT_PROTOTYPES = YES;
				CLANG_WARN_SUSPICIOUS_MOVE = YES;
				CLANG_WARN_UNGUARDED_AVAILABILITY = YES_AGGRESSIVE;
				CLANG_WARN_UNREACHABLE_CODE = YES;
				CLANG_WARN__DUPLICATE_METHOD_MATCH = YES;
				CODE_SIGN_IDENTITY = "iPhone Developer";
				COPY_PHASE_STRIP = NO;
				DEBUG_INFORMATION_FORMAT = dwarf;
				ENABLE_STRICT_OBJC_MSGSEND = YES;
				ENABLE_TESTABILITY = YES;
				GCC_C_LANGUAGE_STANDARD = gnu11;
				GCC_DYNAMIC_NO_PIC = NO;
				GCC_NO_COMMON_BLOCKS = YES;
				GCC_OPTIMIZATION_LEVEL = 0;
				GCC_PREPROCESSOR_DEFINITIONS = (
					"DEBUG=1",
					"$(inherited)",
				);
				GCC_WARN_64_TO_32_BIT_CONVERSION = YES;
				GCC_WARN_ABOUT_RETURN_TYPE = YES_ERROR;
				GCC_WARN_UNDECLARED_SELECTOR = YES;
				GCC_WARN_UNINITIALIZED_AUTOS = YES_AGGRESSIVE;
				GCC_WARN_UNUSED_FUNCTION = YES;
				GCC_WARN_UNUSED_VARIABLE = YES;
				IPHONEOS_DEPLOYMENT_TARGET = 11.2;
				MTL_ENABLE_DEBUG_INFO = YES;
				ONLY_ACTIVE_ARCH = YES;
				SDKROOT = iphoneos;
				SWIFT_ACTIVE_COMPILATION_CONDITIONS = DEBUG;
				SWIFT_OPTIMIZATION_LEVEL = "-Onone";
			};
			name = Debug;
		};
		36301501201F79800034DE24 /* Release */ = {
			isa = XCBuildConfiguration;
			buildSettings = {
				ALWAYS_SEARCH_USER_PATHS = NO;
				CLANG_ANALYZER_NONNULL = YES;
				CLANG_ANALYZER_NUMBER_OBJECT_CONVERSION = YES_AGGRESSIVE;
				CLANG_CXX_LANGUAGE_STANDARD = "gnu++14";
				CLANG_CXX_LIBRARY = "libc++";
				CLANG_ENABLE_MODULES = YES;
				CLANG_ENABLE_OBJC_ARC = YES;
				CLANG_WARN_BLOCK_CAPTURE_AUTORELEASING = YES;
				CLANG_WARN_BOOL_CONVERSION = YES;
				CLANG_WARN_COMMA = YES;
				CLANG_WARN_CONSTANT_CONVERSION = YES;
				CLANG_WARN_DIRECT_OBJC_ISA_USAGE = YES_ERROR;
				CLANG_WARN_DOCUMENTATION_COMMENTS = YES;
				CLANG_WARN_EMPTY_BODY = YES;
				CLANG_WARN_ENUM_CONVERSION = YES;
				CLANG_WARN_INFINITE_RECURSION = YES;
				CLANG_WARN_INT_CONVERSION = YES;
				CLANG_WARN_NON_LITERAL_NULL_CONVERSION = YES;
				CLANG_WARN_OBJC_LITERAL_CONVERSION = YES;
				CLANG_WARN_OBJC_ROOT_CLASS = YES_ERROR;
				CLANG_WARN_RANGE_LOOP_ANALYSIS = YES;
				CLANG_WARN_STRICT_PROTOTYPES = YES;
				CLANG_WARN_SUSPICIOUS_MOVE = YES;
				CLANG_WARN_UNGUARDED_AVAILABILITY = YES_AGGRESSIVE;
				CLANG_WARN_UNREACHABLE_CODE = YES;
				CLANG_WARN__DUPLICATE_METHOD_MATCH = YES;
				CODE_SIGN_IDENTITY = "iPhone Developer";
				COPY_PHASE_STRIP = NO;
				DEBUG_INFORMATION_FORMAT = "dwarf-with-dsym";
				ENABLE_NS_ASSERTIONS = NO;
				ENABLE_STRICT_OBJC_MSGSEND = YES;
				GCC_C_LANGUAGE_STANDARD = gnu11;
				GCC_NO_COMMON_BLOCKS = YES;
				GCC_WARN_64_TO_32_BIT_CONVERSION = YES;
				GCC_WARN_ABOUT_RETURN_TYPE = YES_ERROR;
				GCC_WARN_UNDECLARED_SELECTOR = YES;
				GCC_WARN_UNINITIALIZED_AUTOS = YES_AGGRESSIVE;
				GCC_WARN_UNUSED_FUNCTION = YES;
				GCC_WARN_UNUSED_VARIABLE = YES;
				IPHONEOS_DEPLOYMENT_TARGET = 11.2;
				MTL_ENABLE_DEBUG_INFO = NO;
				SDKROOT = iphoneos;
				SWIFT_OPTIMIZATION_LEVEL = "-Owholemodule";
				VALIDATE_PRODUCT = YES;
			};
			name = Release;
		};
		36301503201F79800034DE24 /* Debug */ = {
			isa = XCBuildConfiguration;
			baseConfigurationReference = F49CD8D856F667750DA8AC43 /* Pods-RateMe.debug.xcconfig */;
			buildSettings = {
				ASSETCATALOG_COMPILER_APPICON_NAME = AppIcon;
				CODE_SIGN_STYLE = Automatic;
				DEVELOPMENT_TEAM = KT9D66QFX9;
				INFOPLIST_FILE = RateMe/Info.plist;
				IPHONEOS_DEPLOYMENT_TARGET = 11.0;
				LD_RUNPATH_SEARCH_PATHS = "$(inherited)";
				PRODUCT_BUNDLE_IDENTIFIER = com.chaayeKhana.RateMe;
				PRODUCT_NAME = "$(TARGET_NAME)";
				SWIFT_VERSION = 4.0;
				TARGETED_DEVICE_FAMILY = "1,2";
			};
			name = Debug;
		};
		36301504201F79800034DE24 /* Release */ = {
			isa = XCBuildConfiguration;
			baseConfigurationReference = D1511F58DBCFAD916F90F110 /* Pods-RateMe.release.xcconfig */;
			buildSettings = {
				ASSETCATALOG_COMPILER_APPICON_NAME = AppIcon;
				CODE_SIGN_STYLE = Automatic;
				DEVELOPMENT_TEAM = KT9D66QFX9;
				INFOPLIST_FILE = RateMe/Info.plist;
				IPHONEOS_DEPLOYMENT_TARGET = 11.0;
				LD_RUNPATH_SEARCH_PATHS = "$(inherited)";
				PRODUCT_BUNDLE_IDENTIFIER = com.chaayeKhana.RateMe;
				PRODUCT_NAME = "$(TARGET_NAME)";
				SWIFT_VERSION = 4.0;
				TARGETED_DEVICE_FAMILY = "1,2";
			};
			name = Release;
		};
/* End XCBuildConfiguration section */

/* Begin XCConfigurationList section */
		363014EB201F797F0034DE24 /* Build configuration list for PBXProject "RateMe" */ = {
			isa = XCConfigurationList;
			buildConfigurations = (
				36301500201F79800034DE24 /* Debug */,
				36301501201F79800034DE24 /* Release */,
			);
			defaultConfigurationIsVisible = 0;
			defaultConfigurationName = Release;
		};
		36301502201F79800034DE24 /* Build configuration list for PBXNativeTarget "RateMe" */ = {
			isa = XCConfigurationList;
			buildConfigurations = (
				36301503201F79800034DE24 /* Debug */,
				36301504201F79800034DE24 /* Release */,
			);
			defaultConfigurationIsVisible = 0;
			defaultConfigurationName = Release;
		};
/* End XCConfigurationList section */
	};
	rootObject = 363014E8201F797F0034DE24 /* Project object */;
}
